
Microsoft Visual Studio Solution File, Format Version 12.00
# Visual Studio Version 17
VisualStudioVersion = 17.0.31903.59
MinimumVisualStudioVersion = 10.0.40219.1
Project("{FAE04EC0-301F-11D3-BF4B-00C04F79EFBC}") = "YieldSample", "YieldSample\YieldSample.csproj", "{BA652CA8-0862-4FDB-AD28-6ECA931BB5D6}"
EndProject
Global
	GlobalSection(SolutionConfigurationPlatforms) = preSolution
		Debug|Any CPU = Debug|Any CPU
		Release|Any CPU = Release|Any CPU
	EndGlobalSection
	GlobalSection(SolutionProperties) = preSolution
		HideSolutionNode = FALSE
	EndGlobalSection
	GlobalSection(ProjectConfigurationPlatforms) = postSolution
		{BA652CA8-0862-4FDB-AD28-6ECA931BB5D6}.Debug|Any CPU.ActiveCfg = Debug|Any CPU
		{BA652CA8-0862-4FDB-AD28-6ECA931BB5D6}.Debug|Any CPU.Build.0 = Debug|Any CPU
		{BA652CA8-0862-4FDB-AD28-6ECA931BB5D6}.Release|Any CPU.ActiveCfg = Release|Any CPU
		{BA652CA8-0862-4FDB-AD28-6ECA931BB5D6}.Release|Any CPU.Build.0 = Release|Any CPU
	EndGlobalSection
EndGlobal
